
Microsoft Visual Studio Solution File, Format Version 12.00
# Visual Studio Version 17
VisualStudioVersion = 17.4.33213.308
MinimumVisualStudioVersion = 10.0.40219.1
Project("{FAE04EC0-301F-11D3-BF4B-00C04F79EFBC}") = "URLShortener.WebApi", "URLShortener.WebApi\URLShortener.WebApi.csproj", "{964655A6-569E-43A4-863A-3B5F6D3503C4}"
EndProject
Project("{FAE04EC0-301F-11D3-BF4B-00C04F79EFBC}") = "URLShortener.Tests", "URLShortener.Tests\URLShortener.Tests.csproj", "{6D47A9CD-7C24-4F48-BE4A-B18F26222F00}"
EndProject
Global
	GlobalSection(SolutionConfigurationPlatforms) = preSolution
		Debug|Any CPU = Debug|Any CPU
		Release|Any CPU = Release|Any CPU
	EndGlobalSection
	GlobalSection(ProjectConfigurationPlatforms) = postSolution
		{964655A6-569E-43A4-863A-3B5F6D3503C4}.Debug|Any CPU.ActiveCfg = Debug|Any CPU
		{964655A6-569E-43A4-863A-3B5F6D3503C4}.Debug|Any CPU.Build.0 = Debug|Any CPU
		{964655A6-569E-43A4-863A-3B5F6D3503C4}.Release|Any CPU.ActiveCfg = Release|Any CPU
		{964655A6-569E-43A4-863A-3B5F6D3503C4}.Release|Any CPU.Build.0 = Release|Any CPU
		{6D47A9CD-7C24-4F48-BE4A-B18F26222F00}.Debug|Any CPU.ActiveCfg = Debug|Any CPU
		{6D47A9CD-7C24-4F48-BE4A-B18F26222F00}.Debug|Any CPU.Build.0 = Debug|Any CPU
		{6D47A9CD-7C24-4F48-BE4A-B18F26222F00}.Release|Any CPU.ActiveCfg = Release|Any CPU
		{6D47A9CD-7C24-4F48-BE4A-B18F26222F00}.Release|Any CPU.Build.0 = Release|Any CPU
	EndGlobalSection
	GlobalSection(SolutionProperties) = preSolution
		HideSolutionNode = FALSE
	EndGlobalSection
	GlobalSection(ExtensibilityGlobals) = postSolution
		SolutionGuid = {4F84C27B-CA98-4CF8-B60D-60DE04416D85}
	EndGlobalSection
EndGlobal
